
Microsoft Visual Studio Solution File, Format Version 12.00
# Visual Studio Version 16
VisualStudioVersion = 16.0.30523.141
MinimumVisualStudioVersion = 10.0.40219.1
Project("{FAE04EC0-301F-11D3-BF4B-00C04F79EFBC}") = "Fall nr 2 Örfu", "Fall nr 2 Örfu\Fall nr 2 Örfu.csproj", "{11CE7E07-9831-412C-8E91-A1F2614792B1}"
EndProject
Global
	GlobalSection(SolutionConfigurationPlatforms) = preSolution
		Debug|Any CPU = Debug|Any CPU
		Release|Any CPU = Release|Any CPU
	EndGlobalSection
	GlobalSection(ProjectConfigurationPlatforms) = postSolution
		{11CE7E07-9831-412C-8E91-A1F2614792B1}.Debug|Any CPU.ActiveCfg = Debug|Any CPU
		{11CE7E07-9831-412C-8E91-A1F2614792B1}.Debug|Any CPU.Build.0 = Debug|Any CPU
		{11CE7E07-9831-412C-8E91-A1F2614792B1}.Release|Any CPU.ActiveCfg = Release|Any CPU
		{11CE7E07-9831-412C-8E91-A1F2614792B1}.Release|Any CPU.Build.0 = Release|Any CPU
	EndGlobalSection
	GlobalSection(SolutionProperties) = preSolution
		HideSolutionNode = FALSE
	EndGlobalSection
	GlobalSection(ExtensibilityGlobals) = postSolution
		SolutionGuid = {FEA3056C-A4AC-42B9-AC40-AECFD0D4F756}
	EndGlobalSection
EndGlobal
